<?xml version="1.0" encoding="utf-8"?>
<Project ToolsVersion="4.0" xmlns="http://schemas.microsoft.com/developer/msbuild/2003">
  <ItemGroup>
    <Filter Include="Source Files">
      <UniqueIdentifier>{4FC737F1-C7A5-4376-A066-2A32D752A2FF}</UniqueIdentifier>
      <Extensions>cpp;c;cc;cxx;def;odl;idl;hpj;bat;asm;asmx</Extensions>
    </Filter>
    <Filter Include="Header Files">
      <UniqueIdentifier>{93995380-89BD-4b04-88EB-625FBE52EBFB}</UniqueIdentifier>
      <Extensions>h;hh;hpp;hxx;hm;inl;inc;xsd</Extensions>
    </Filter>
    <Filter Include="Resource Files">
      <UniqueIdentifier>{67DA6AB6-F800-4c08-8B7A-83BB121AAD01}</UniqueIdentifier>
      <Extensions>rc;ico;cur;bmp;dlg;rc2;rct;bin;rgs;gif;jpg;jpeg;jpe;resx;tiff;tif;png;wav;mfcribbon-ms</Extensions>
    </Filter>
  </ItemGroup>
  <ItemGroup>
    <ClCompile Include="..\zend\base.cpp">
      <Filter>Source Files</Filter>
    </ClCompile>
    <ClCompile Include="..\zend\callable.cpp">
      <Filter>Source Files</Filter>
    </ClCompile>
    <ClCompile Include="..\zend\classbase.cpp">
      <Filter>Source Files</Filter>
    </ClCompile>
    <ClCompile Include="..\zend\classimpl.cpp">
      <Filter>Source Files</Filter>
    </ClCompile>
    <ClCompile Include="..\zend\constant.cpp">
      <Filter>Source Files</Filter>
    </ClCompile>
    <ClCompile Include="..\zend\constantfuncs.cpp">
      <Filter>Source Files</Filter>
    </ClCompile>
    <ClCompile Include="..\zend\eval.cpp">
      <Filter>Source Files</Filter>
    </ClCompile>
    <ClCompile Include="..\zend\exception_handler.cpp">
      <Filter>Source Files</Filter>
    </ClCompile>
    <ClCompile Include="..\zend\exists.cpp">
      <Filter>Source Files</Filter>
    </ClCompile>
    <ClCompile Include="..\zend\extension.cpp">
      <Filter>Source Files</Filter>
    </ClCompile>
    <ClCompile Include="..\zend\extensionimpl.cpp">
      <Filter>Source Files</Filter>
    </ClCompile>
    <ClCompile Include="..\zend\fatalerror.cpp">
      <Filter>Source Files</Filter>
    </ClCompile>
    <ClCompile Include="..\zend\file.cpp">
      <Filter>Source Files</Filter>
    </ClCompile>
    <ClCompile Include="..\zend\function.cpp">
      <Filter>Source Files</Filter>
    </ClCompile>
    <ClCompile Include="..\zend\functor.cpp">
      <Filter>Source Files</Filter>
    </ClCompile>
    <ClCompile Include="..\zend\global.cpp">
      <Filter>Source Files</Filter>
    </ClCompile>
    <ClCompile Include="..\zend\globals.cpp">
      <Filter>Source Files</Filter>
    </ClCompile>
    <ClCompile Include="..\zend\hashmember.cpp">
      <Filter>Source Files</Filter>
    </ClCompile>
    <ClCompile Include="..\zend\ini.cpp">
      <Filter>Source Files</Filter>
    </ClCompile>
    <ClCompile Include="..\zend\inivalue.cpp">
      <Filter>Source Files</Filter>
    </ClCompile>
    <ClCompile Include="..\zend\iteratorimpl.cpp">
      <Filter>Source Files</Filter>
    </ClCompile>
    <ClCompile Include="..\zend\members.cpp">
      <Filter>Source Files</Filter>
    </ClCompile>
    <ClCompile Include="..\zend\module.cpp">
      <Filter>Source Files</Filter>
    </ClCompile>
    <ClCompile Include="..\zend\namespace.cpp">
      <Filter>Source Files</Filter>
    </ClCompile>
    <ClCompile Include="..\zend\object.cpp">
      <Filter>Source Files</Filter>
    </ClCompile>
    <ClCompile Include="..\zend\sapi.cpp">
      <Filter>Source Files</Filter>
    </ClCompile>
    <ClCompile Include="..\zend\script.cpp">
      <Filter>Source Files</Filter>
    </ClCompile>
    <ClCompile Include="..\zend\streambuf.cpp">
      <Filter>Source Files</Filter>
    </ClCompile>
    <ClCompile Include="..\zend\streams.cpp">
      <Filter>Source Files</Filter>
    </ClCompile>
    <ClCompile Include="..\zend\super.cpp">
      <Filter>Source Files</Filter>
    </ClCompile>
    <ClCompile Include="..\zend\value.cpp">
      <Filter>Source Files</Filter>
    </ClCompile>
    <ClCompile Include="..\zend\valueiterator.cpp">
      <Filter>Source Files</Filter>
    </ClCompile>
    <ClCompile Include="..\zend\zendcallable.cpp">
      <Filter>Source Files</Filter>
    </ClCompile>
    <ClCompile Include="..\zend\zval.cpp">
      <Filter>Source Files</Filter>
    </ClCompile>
    <ClCompile Include="..\common\modifiers.cpp">
      <Filter>Source Files</Filter>
    </ClCompile>
  </ItemGroup>
  <ItemGroup>
    <ClInclude Include="..\zend\arithmetic.h">
      <Filter>Header Files</Filter>
    </ClInclude>
    <ClInclude Include="..\zend\boolmember.h">
      <Filter>Header Files</Filter>
    </ClInclude>
    <ClInclude Include="..\zend\callable.h">
      <Filter>Header Files</Filter>
    </ClInclude>
    <ClInclude Include="..\zend\classimpl.h">
      <Filter>Header Files</Filter>
    </ClInclude>
    <ClInclude Include="..\zend\compileroptions.h">
      <Filter>Header Files</Filter>
    </ClInclude>
    <ClInclude Include="..\zend\constantimpl.h">
      <Filter>Header Files</Filter>
    </ClInclude>
    <ClInclude Include="..\zend\delayedfree.h">
      <Filter>Header Files</Filter>
    </ClInclude>
    <ClInclude Include="..\zend\executestate.h">
      <Filter>Header Files</Filter>
    </ClInclude>
    <ClInclude Include="..\zend\extensionimpl.h">
      <Filter>Header Files</Filter>
    </ClInclude>
    <ClInclude Include="..\zend\extensionpath.h">
      <Filter>Header Files</Filter>
    </ClInclude>
    <ClInclude Include="..\zend\floatmember.h">
      <Filter>Header Files</Filter>
    </ClInclude>
    <ClInclude Include="..\zend\functor.h">
      <Filter>Header Files</Filter>
    </ClInclude>
    <ClInclude Include="..\zend\hashiterator.h">
      <Filter>Header Files</Filter>
    </ClInclude>
    <ClInclude Include="..\zend\includes.h">
      <Filter>Header Files</Filter>
    </ClInclude>
    <ClInclude Include="..\zend\init.h">
      <Filter>Header Files</Filter>
    </ClInclude>
    <ClInclude Include="..\zend\invaliditerator.h">
      <Filter>Header Files</Filter>
    </ClInclude>
    <ClInclude Include="..\zend\iteratorimpl.h">
      <Filter>Header Files</Filter>
    </ClInclude>
    <ClInclude Include="..\zend\lowercase.h">
      <Filter>Header Files</Filter>
    </ClInclude>
    <ClInclude Include="..\zend\member.h">
      <Filter>Header Files</Filter>
    </ClInclude>
    <ClInclude Include="..\zend\method.h">
      <Filter>Header Files</Filter>
    </ClInclude>
    <ClInclude Include="..\zend\module.h">
      <Filter>Header Files</Filter>
    </ClInclude>
    <ClInclude Include="..\zend\nativefunction.h">
      <Filter>Header Files</Filter>
    </ClInclude>
    <ClInclude Include="..\zend\notimplemented.h">
      <Filter>Header Files</Filter>
    </ClInclude>
    <ClInclude Include="..\zend\nullmember.h">
      <Filter>Header Files</Filter>
    </ClInclude>
    <ClInclude Include="..\zend\numericmember.h">
      <Filter>Header Files</Filter>
    </ClInclude>
    <ClInclude Include="..\zend\objectimpl.h">
      <Filter>Header Files</Filter>
    </ClInclude>
    <ClInclude Include="..\zend\opcodes.h">
      <Filter>Header Files</Filter>
    </ClInclude>
    <ClInclude Include="..\zend\origexception.h">
      <Filter>Header Files</Filter>
    </ClInclude>
    <ClInclude Include="..\zend\parametersimpl.h">
      <Filter>Header Files</Filter>
    </ClInclude>
    <ClInclude Include="..\zend\property.h">
      <Filter>Header Files</Filter>
    </ClInclude>
    <ClInclude Include="..\zend\string.h">
      <Filter>Header Files</Filter>
    </ClInclude>
    <ClInclude Include="..\zend\stringmember.h">
      <Filter>Header Files</Filter>
    </ClInclude>
    <ClInclude Include="..\zend\symbol.h">
      <Filter>Header Files</Filter>
    </ClInclude>
    <ClInclude Include="..\zend\traverseiterator.h">
      <Filter>Header Files</Filter>
    </ClInclude>
    <ClInclude Include="..\zend\valueiteratorimpl.h">
      <Filter>Header Files</Filter>
    </ClInclude>
    <ClInclude Include="..\common\extensionbase.h">
      <Filter>Header Files</Filter>
    </ClInclude>
    <ClInclude Include="..\common\includes.h">
      <Filter>Header Files</Filter>
    </ClInclude>
    <ClInclude Include="..\common\streambuf.h">
      <Filter>Header Files</Filter>
    </ClInclude>
  </ItemGroup>
</Project>